{
  "name": "github.com/kimbo/go-deps-test",
  "version": "1.0.0",
  "lockfileVersion": 1,
  "dependencies": {
    "julienschmidt/httprouter": {
      "from": "git+https://github.com/julienschmidt/httprouter",
      "version": "git+https://github.com/julienschmidt/httprouter#main"
    },
    "sirupsen/logrus": {
      "from": "git+https://github.com/sirupsen/logrus",
      "version": "git+https://github.com/sirupsen/logrus#main"
    },
    "kimbo/directmailers-loghook/api": {
      "from": "git+https://github.com/kimbo/directmailers-loghook/api",
      "version": "git+https://github.com/kimbo/directmailers-loghook/api#main"
    },
    "kimbo/go-deps-test/other": {
      "from": "git+https://github.com/kimbo/go-deps-test/other",
      "version": "git+https://github.com/kimbo/go-deps-test/other#main"
    }
  }
}
